
Microsoft Visual Studio Solution File, Format Version 12.00
# Visual Studio Version 17
VisualStudioVersion = 17.0.31903.59
MinimumVisualStudioVersion = 10.0.40219.1
Project("{2150E333-8FDC-42A3-9474-1A3956D46DE8}") = "src", "src", "{9FF31042-A147-4CDF-9387-56B19112ED07}"
EndProject
Project("{2150E333-8FDC-42A3-9474-1A3956D46DE8}") = "BuildingBlocks", "BuildingBlocks", "{96CC7F8C-7E18-42D4-A973-7845DA2E1FC7}"
EndProject
Project("{FAE04EC0-301F-11D3-BF4B-00C04F79EFBC}") = "ECommerce.Contracts", "src\BuildingBlocks\ECommerce.Contracts\ECommerce.Contracts.csproj", "{6F8E50F5-A857-4706-870B-C6A5C345FF14}"
EndProject
Project("{FAE04EC0-301F-11D3-BF4B-00C04F79EFBC}") = "ECommerce.Messaging", "src\BuildingBlocks\ECommerce.Messaging\ECommerce.Messaging.csproj", "{C47AA2C9-89FC-4434-A8CA-B7FFCDA2695C}"
EndProject
Project("{FAE04EC0-301F-11D3-BF4B-00C04F79EFBC}") = "ECommerce.Observability", "src\BuildingBlocks\ECommerce.Observability\ECommerce.Observability.csproj", "{546940D6-06C6-4472-B630-23C8C2719490}"
EndProject
Project("{2150E333-8FDC-42A3-9474-1A3956D46DE8}") = "Services", "Services", "{3BDCC5BF-BC55-4D91-BB4E-FB1047EE1D06}"
EndProject
Project("{2150E333-8FDC-42A3-9474-1A3956D46DE8}") = "Order", "Order", "{4F6C9910-C6BE-44E8-A0F6-FAF091D86EB8}"
EndProject
Project("{FAE04EC0-301F-11D3-BF4B-00C04F79EFBC}") = "ECommerce.Order.Domain", "src\Services\Order\ECommerce.Order.Domain\ECommerce.Order.Domain.csproj", "{0A90DCBE-3839-4C02-996B-637749CDF704}"
EndProject
Project("{FAE04EC0-301F-11D3-BF4B-00C04F79EFBC}") = "ECommerce.Order.Application", "src\Services\Order\ECommerce.Order.Application\ECommerce.Order.Application.csproj", "{18728606-E226-4150-8873-77CF149729F0}"
EndProject
Project("{FAE04EC0-301F-11D3-BF4B-00C04F79EFBC}") = "ECommerce.Order.Infrastructure", "src\Services\Order\ECommerce.Order.Infrastructure\ECommerce.Order.Infrastructure.csproj", "{84424319-3021-4C7E-B178-9DD252072A3B}"
EndProject
Project("{FAE04EC0-301F-11D3-BF4B-00C04F79EFBC}") = "ECommerce.Order.Api", "src\Services\Order\ECommerce.Order.Api\ECommerce.Order.Api.csproj", "{E6D05844-5C09-433F-9113-0D683CF27C9B}"
EndProject
Project("{2150E333-8FDC-42A3-9474-1A3956D46DE8}") = "Stock", "Stock", "{019CC3FF-F341-4084-9A3D-27233FE7031A}"
EndProject
Project("{FAE04EC0-301F-11D3-BF4B-00C04F79EFBC}") = "ECommerce.Stock.Domain", "src\Services\Stock\ECommerce.Stock.Domain\ECommerce.Stock.Domain.csproj", "{9F2D3124-59C9-42EB-A75D-FEE5FA9D794A}"
EndProject
Project("{FAE04EC0-301F-11D3-BF4B-00C04F79EFBC}") = "ECommerce.Stock.Application", "src\Services\Stock\ECommerce.Stock.Application\ECommerce.Stock.Application.csproj", "{87C37E75-0CC9-42DC-A566-6F44C63B1502}"
EndProject
Project("{FAE04EC0-301F-11D3-BF4B-00C04F79EFBC}") = "ECommerce.Stock.Infrastructure", "src\Services\Stock\ECommerce.Stock.Infrastructure\ECommerce.Stock.Infrastructure.csproj", "{7B94EF00-ACFD-4AC5-8353-1A5F8EEB0356}"
EndProject
Project("{FAE04EC0-301F-11D3-BF4B-00C04F79EFBC}") = "ECommerce.Stock.Worker", "src\Services\Stock\ECommerce.Stock.Worker\ECommerce.Stock.Worker.csproj", "{1EFA8863-0B61-4563-BEBF-E5527A756C34}"
EndProject
Project("{2150E333-8FDC-42A3-9474-1A3956D46DE8}") = "Notification", "Notification", "{448C7D82-8C4B-4B9F-95AD-E4F244A89EF2}"
EndProject
Project("{FAE04EC0-301F-11D3-BF4B-00C04F79EFBC}") = "ECommerce.Notification.Domain", "src\Services\Notification\ECommerce.Notification.Domain\ECommerce.Notification.Domain.csproj", "{F109D514-EA3E-420A-8654-E086DBBA5006}"
EndProject
Project("{FAE04EC0-301F-11D3-BF4B-00C04F79EFBC}") = "ECommerce.Notification.Application", "src\Services\Notification\ECommerce.Notification.Application\ECommerce.Notification.Application.csproj", "{1A7734A0-2654-49D0-960F-4EA3F5541024}"
EndProject
Project("{FAE04EC0-301F-11D3-BF4B-00C04F79EFBC}") = "ECommerce.Notification.Infrastructure", "src\Services\Notification\ECommerce.Notification.Infrastructure\ECommerce.Notification.Infrastructure.csproj", "{FBF1BDBD-6E32-4CF1-9B29-D64F17C004AA}"
EndProject
Project("{FAE04EC0-301F-11D3-BF4B-00C04F79EFBC}") = "ECommerce.Notification.Worker", "src\Services\Notification\ECommerce.Notification.Worker\ECommerce.Notification.Worker.csproj", "{B5E39352-B6EB-4C8C-9F5F-8AFEB7474CF8}"
EndProject
Project("{2150E333-8FDC-42A3-9474-1A3956D46DE8}") = "ApiGateway", "ApiGateway", "{20ACCC92-8B6D-4BD5-B210-66396C453BFC}"
EndProject
Project("{FAE04EC0-301F-11D3-BF4B-00C04F79EFBC}") = "ECommerce.ApiGateway", "src\ApiGateway\ECommerce.ApiGateway\ECommerce.ApiGateway.csproj", "{3C5ED0F0-8FB1-439F-BBAD-3A1C95F57F32}"
EndProject
Project("{2150E333-8FDC-42A3-9474-1A3956D46DE8}") = "tests", "tests", "{088B7043-1A3C-4F60-BF5A-2D747E63C65E}"
EndProject
Project("{2150E333-8FDC-42A3-9474-1A3956D46DE8}") = "Services", "Services", "{4607BFD3-8881-4B3D-BD23-BED57FF28F3A}"
EndProject
Project("{2150E333-8FDC-42A3-9474-1A3956D46DE8}") = "Order", "Order", "{D7E9BDF3-93C1-4CB5-B640-5277BF84ACB1}"
EndProject
Project("{FAE04EC0-301F-11D3-BF4B-00C04F79EFBC}") = "ECommerce.Order.UnitTests", "tests\Services\Order\ECommerce.Order.UnitTests\ECommerce.Order.UnitTests.csproj", "{2ACB0368-4C4F-4D07-91B4-2275159CC759}"
EndProject
Project("{2150E333-8FDC-42A3-9474-1A3956D46DE8}") = "Stock", "Stock", "{0D0955D5-2FCC-4B54-9CFF-08A5E95E26AB}"
EndProject
Project("{FAE04EC0-301F-11D3-BF4B-00C04F79EFBC}") = "ECommerce.Stock.UnitTests", "tests\Services\Stock\ECommerce.Stock.UnitTests\ECommerce.Stock.UnitTests.csproj", "{D263CE6F-DC00-4EF3-98B9-D145A43A3190}"
EndProject
Project("{2150E333-8FDC-42A3-9474-1A3956D46DE8}") = "Product", "Product", "{D7A76225-BEF9-40CB-9D00-516CF29E6047}"
EndProject
Project("{FAE04EC0-301F-11D3-BF4B-00C04F79EFBC}") = "ECommerce.Product.UnitTests", "tests\Services\Product\ECommerce.Product.UnitTests\ECommerce.Product.UnitTests.csproj", "{55D508DE-A5F2-48DC-9546-4D5A2792ED8E}"
EndProject
Project("{2150E333-8FDC-42A3-9474-1A3956D46DE8}") = "Product", "Product", "{C2B574EC-E3FF-4C74-B102-7B503FF072FD}"
EndProject
Project("{FAE04EC0-301F-11D3-BF4B-00C04F79EFBC}") = "ECommerce.Product.Api", "src\Services\Product\ECommerce.Product.Api\ECommerce.Product.Api.csproj", "{E92B5A4C-591C-4445-8258-0EDFCCD18EC1}"
EndProject
Project("{FAE04EC0-301F-11D3-BF4B-00C04F79EFBC}") = "ECommerce.Stock.Api", "src\Services\Stock\ECommerce.Stock.Api\ECommerce.Stock.Api.csproj", "{B8FA29E3-A33B-46B3-BB83-935E7F91B4E7}"
EndProject
Global
	GlobalSection(SolutionConfigurationPlatforms) = preSolution
		Debug|Any CPU = Debug|Any CPU
		Release|Any CPU = Release|Any CPU
	EndGlobalSection
	GlobalSection(SolutionProperties) = preSolution
		HideSolutionNode = FALSE
	EndGlobalSection
	GlobalSection(ProjectConfigurationPlatforms) = postSolution
		{6F8E50F5-A857-4706-870B-C6A5C345FF14}.Debug|Any CPU.ActiveCfg = Debug|Any CPU
		{6F8E50F5-A857-4706-870B-C6A5C345FF14}.Debug|Any CPU.Build.0 = Debug|Any CPU
		{6F8E50F5-A857-4706-870B-C6A5C345FF14}.Release|Any CPU.ActiveCfg = Release|Any CPU
		{6F8E50F5-A857-4706-870B-C6A5C345FF14}.Release|Any CPU.Build.0 = Release|Any CPU
		{C47AA2C9-89FC-4434-A8CA-B7FFCDA2695C}.Debug|Any CPU.ActiveCfg = Debug|Any CPU
		{C47AA2C9-89FC-4434-A8CA-B7FFCDA2695C}.Debug|Any CPU.Build.0 = Debug|Any CPU
		{C47AA2C9-89FC-4434-A8CA-B7FFCDA2695C}.Release|Any CPU.ActiveCfg = Release|Any CPU
		{C47AA2C9-89FC-4434-A8CA-B7FFCDA2695C}.Release|Any CPU.Build.0 = Release|Any CPU
		{546940D6-06C6-4472-B630-23C8C2719490}.Debug|Any CPU.ActiveCfg = Debug|Any CPU
		{546940D6-06C6-4472-B630-23C8C2719490}.Debug|Any CPU.Build.0 = Debug|Any CPU
		{546940D6-06C6-4472-B630-23C8C2719490}.Release|Any CPU.ActiveCfg = Release|Any CPU
		{546940D6-06C6-4472-B630-23C8C2719490}.Release|Any CPU.Build.0 = Release|Any CPU
		{0A90DCBE-3839-4C02-996B-637749CDF704}.Debug|Any CPU.ActiveCfg = Debug|Any CPU
		{0A90DCBE-3839-4C02-996B-637749CDF704}.Debug|Any CPU.Build.0 = Debug|Any CPU
		{0A90DCBE-3839-4C02-996B-637749CDF704}.Release|Any CPU.ActiveCfg = Release|Any CPU
		{0A90DCBE-3839-4C02-996B-637749CDF704}.Release|Any CPU.Build.0 = Release|Any CPU
		{18728606-E226-4150-8873-77CF149729F0}.Debug|Any CPU.ActiveCfg = Debug|Any CPU
		{18728606-E226-4150-8873-77CF149729F0}.Debug|Any CPU.Build.0 = Debug|Any CPU
		{18728606-E226-4150-8873-77CF149729F0}.Release|Any CPU.ActiveCfg = Release|Any CPU
		{18728606-E226-4150-8873-77CF149729F0}.Release|Any CPU.Build.0 = Release|Any CPU
		{84424319-3021-4C7E-B178-9DD252072A3B}.Debug|Any CPU.ActiveCfg = Debug|Any CPU
		{84424319-3021-4C7E-B178-9DD252072A3B}.Debug|Any CPU.Build.0 = Debug|Any CPU
		{84424319-3021-4C7E-B178-9DD252072A3B}.Release|Any CPU.ActiveCfg = Release|Any CPU
		{84424319-3021-4C7E-B178-9DD252072A3B}.Release|Any CPU.Build.0 = Release|Any CPU
		{E6D05844-5C09-433F-9113-0D683CF27C9B}.Debug|Any CPU.ActiveCfg = Debug|Any CPU
		{E6D05844-5C09-433F-9113-0D683CF27C9B}.Debug|Any CPU.Build.0 = Debug|Any CPU
		{E6D05844-5C09-433F-9113-0D683CF27C9B}.Release|Any CPU.ActiveCfg = Release|Any CPU
		{E6D05844-5C09-433F-9113-0D683CF27C9B}.Release|Any CPU.Build.0 = Release|Any CPU
		{9F2D3124-59C9-42EB-A75D-FEE5FA9D794A}.Debug|Any CPU.ActiveCfg = Debug|Any CPU
		{9F2D3124-59C9-42EB-A75D-FEE5FA9D794A}.Debug|Any CPU.Build.0 = Debug|Any CPU
		{9F2D3124-59C9-42EB-A75D-FEE5FA9D794A}.Release|Any CPU.ActiveCfg = Release|Any CPU
		{9F2D3124-59C9-42EB-A75D-FEE5FA9D794A}.Release|Any CPU.Build.0 = Release|Any CPU
		{87C37E75-0CC9-42DC-A566-6F44C63B1502}.Debug|Any CPU.ActiveCfg = Debug|Any CPU
		{87C37E75-0CC9-42DC-A566-6F44C63B1502}.Debug|Any CPU.Build.0 = Debug|Any CPU
		{87C37E75-0CC9-42DC-A566-6F44C63B1502}.Release|Any CPU.ActiveCfg = Release|Any CPU
		{87C37E75-0CC9-42DC-A566-6F44C63B1502}.Release|Any CPU.Build.0 = Release|Any CPU
		{7B94EF00-ACFD-4AC5-8353-1A5F8EEB0356}.Debug|Any CPU.ActiveCfg = Debug|Any CPU
		{7B94EF00-ACFD-4AC5-8353-1A5F8EEB0356}.Debug|Any CPU.Build.0 = Debug|Any CPU
		{7B94EF00-ACFD-4AC5-8353-1A5F8EEB0356}.Release|Any CPU.ActiveCfg = Release|Any CPU
		{7B94EF00-ACFD-4AC5-8353-1A5F8EEB0356}.Release|Any CPU.Build.0 = Release|Any CPU
		{1EFA8863-0B61-4563-BEBF-E5527A756C34}.Debug|Any CPU.ActiveCfg = Debug|Any CPU
		{1EFA8863-0B61-4563-BEBF-E5527A756C34}.Debug|Any CPU.Build.0 = Debug|Any CPU
		{1EFA8863-0B61-4563-BEBF-E5527A756C34}.Release|Any CPU.ActiveCfg = Release|Any CPU
		{1EFA8863-0B61-4563-BEBF-E5527A756C34}.Release|Any CPU.Build.0 = Release|Any CPU
		{F109D514-EA3E-420A-8654-E086DBBA5006}.Debug|Any CPU.ActiveCfg = Debug|Any CPU
		{F109D514-EA3E-420A-8654-E086DBBA5006}.Debug|Any CPU.Build.0 = Debug|Any CPU
		{F109D514-EA3E-420A-8654-E086DBBA5006}.Release|Any CPU.ActiveCfg = Release|Any CPU
		{F109D514-EA3E-420A-8654-E086DBBA5006}.Release|Any CPU.Build.0 = Release|Any CPU
		{1A7734A0-2654-49D0-960F-4EA3F5541024}.Debug|Any CPU.ActiveCfg = Debug|Any CPU
		{1A7734A0-2654-49D0-960F-4EA3F5541024}.Debug|Any CPU.Build.0 = Debug|Any CPU
		{1A7734A0-2654-49D0-960F-4EA3F5541024}.Release|Any CPU.ActiveCfg = Release|Any CPU
		{1A7734A0-2654-49D0-960F-4EA3F5541024}.Release|Any CPU.Build.0 = Release|Any CPU
		{FBF1BDBD-6E32-4CF1-9B29-D64F17C004AA}.Debug|Any CPU.ActiveCfg = Debug|Any CPU
		{FBF1BDBD-6E32-4CF1-9B29-D64F17C004AA}.Debug|Any CPU.Build.0 = Debug|Any CPU
		{FBF1BDBD-6E32-4CF1-9B29-D64F17C004AA}.Release|Any CPU.ActiveCfg = Release|Any CPU
		{FBF1BDBD-6E32-4CF1-9B29-D64F17C004AA}.Release|Any CPU.Build.0 = Release|Any CPU
		{B5E39352-B6EB-4C8C-9F5F-8AFEB7474CF8}.Debug|Any CPU.ActiveCfg = Debug|Any CPU
		{B5E39352-B6EB-4C8C-9F5F-8AFEB7474CF8}.Debug|Any CPU.Build.0 = Debug|Any CPU
		{B5E39352-B6EB-4C8C-9F5F-8AFEB7474CF8}.Release|Any CPU.ActiveCfg = Release|Any CPU
		{B5E39352-B6EB-4C8C-9F5F-8AFEB7474CF8}.Release|Any CPU.Build.0 = Release|Any CPU
		{3C5ED0F0-8FB1-439F-BBAD-3A1C95F57F32}.Debug|Any CPU.ActiveCfg = Debug|Any CPU
		{3C5ED0F0-8FB1-439F-BBAD-3A1C95F57F32}.Debug|Any CPU.Build.0 = Debug|Any CPU
		{3C5ED0F0-8FB1-439F-BBAD-3A1C95F57F32}.Release|Any CPU.ActiveCfg = Release|Any CPU
		{3C5ED0F0-8FB1-439F-BBAD-3A1C95F57F32}.Release|Any CPU.Build.0 = Release|Any CPU
		{2ACB0368-4C4F-4D07-91B4-2275159CC759}.Debug|Any CPU.ActiveCfg = Debug|Any CPU
		{2ACB0368-4C4F-4D07-91B4-2275159CC759}.Debug|Any CPU.Build.0 = Debug|Any CPU
		{2ACB0368-4C4F-4D07-91B4-2275159CC759}.Release|Any CPU.ActiveCfg = Release|Any CPU
		{2ACB0368-4C4F-4D07-91B4-2275159CC759}.Release|Any CPU.Build.0 = Release|Any CPU
		{D263CE6F-DC00-4EF3-98B9-D145A43A3190}.Debug|Any CPU.ActiveCfg = Debug|Any CPU
		{D263CE6F-DC00-4EF3-98B9-D145A43A3190}.Debug|Any CPU.Build.0 = Debug|Any CPU
		{D263CE6F-DC00-4EF3-98B9-D145A43A3190}.Release|Any CPU.ActiveCfg = Release|Any CPU
		{D263CE6F-DC00-4EF3-98B9-D145A43A3190}.Release|Any CPU.Build.0 = Release|Any CPU
		{55D508DE-A5F2-48DC-9546-4D5A2792ED8E}.Debug|Any CPU.ActiveCfg = Debug|Any CPU
		{55D508DE-A5F2-48DC-9546-4D5A2792ED8E}.Debug|Any CPU.Build.0 = Debug|Any CPU
		{55D508DE-A5F2-48DC-9546-4D5A2792ED8E}.Release|Any CPU.ActiveCfg = Release|Any CPU
		{55D508DE-A5F2-48DC-9546-4D5A2792ED8E}.Release|Any CPU.Build.0 = Release|Any CPU
		{E92B5A4C-591C-4445-8258-0EDFCCD18EC1}.Debug|Any CPU.ActiveCfg = Debug|Any CPU
		{E92B5A4C-591C-4445-8258-0EDFCCD18EC1}.Debug|Any CPU.Build.0 = Debug|Any CPU
		{E92B5A4C-591C-4445-8258-0EDFCCD18EC1}.Release|Any CPU.ActiveCfg = Release|Any CPU
		{E92B5A4C-591C-4445-8258-0EDFCCD18EC1}.Release|Any CPU.Build.0 = Release|Any CPU
		{B8FA29E3-A33B-46B3-BB83-935E7F91B4E7}.Debug|Any CPU.ActiveCfg = Debug|Any CPU
		{B8FA29E3-A33B-46B3-BB83-935E7F91B4E7}.Debug|Any CPU.Build.0 = Debug|Any CPU
		{B8FA29E3-A33B-46B3-BB83-935E7F91B4E7}.Release|Any CPU.ActiveCfg = Release|Any CPU
		{B8FA29E3-A33B-46B3-BB83-935E7F91B4E7}.Release|Any CPU.Build.0 = Release|Any CPU
	EndGlobalSection
	GlobalSection(NestedProjects) = preSolution
		{96CC7F8C-7E18-42D4-A973-7845DA2E1FC7} = {9FF31042-A147-4CDF-9387-56B19112ED07}
		{6F8E50F5-A857-4706-870B-C6A5C345FF14} = {96CC7F8C-7E18-42D4-A973-7845DA2E1FC7}
		{C47AA2C9-89FC-4434-A8CA-B7FFCDA2695C} = {96CC7F8C-7E18-42D4-A973-7845DA2E1FC7}
		{546940D6-06C6-4472-B630-23C8C2719490} = {96CC7F8C-7E18-42D4-A973-7845DA2E1FC7}
		{3BDCC5BF-BC55-4D91-BB4E-FB1047EE1D06} = {9FF31042-A147-4CDF-9387-56B19112ED07}
		{4F6C9910-C6BE-44E8-A0F6-FAF091D86EB8} = {3BDCC5BF-BC55-4D91-BB4E-FB1047EE1D06}
		{0A90DCBE-3839-4C02-996B-637749CDF704} = {4F6C9910-C6BE-44E8-A0F6-FAF091D86EB8}
		{18728606-E226-4150-8873-77CF149729F0} = {4F6C9910-C6BE-44E8-A0F6-FAF091D86EB8}
		{84424319-3021-4C7E-B178-9DD252072A3B} = {4F6C9910-C6BE-44E8-A0F6-FAF091D86EB8}
		{E6D05844-5C09-433F-9113-0D683CF27C9B} = {4F6C9910-C6BE-44E8-A0F6-FAF091D86EB8}
		{019CC3FF-F341-4084-9A3D-27233FE7031A} = {3BDCC5BF-BC55-4D91-BB4E-FB1047EE1D06}
		{9F2D3124-59C9-42EB-A75D-FEE5FA9D794A} = {019CC3FF-F341-4084-9A3D-27233FE7031A}
		{87C37E75-0CC9-42DC-A566-6F44C63B1502} = {019CC3FF-F341-4084-9A3D-27233FE7031A}
		{7B94EF00-ACFD-4AC5-8353-1A5F8EEB0356} = {019CC3FF-F341-4084-9A3D-27233FE7031A}
		{1EFA8863-0B61-4563-BEBF-E5527A756C34} = {019CC3FF-F341-4084-9A3D-27233FE7031A}
		{448C7D82-8C4B-4B9F-95AD-E4F244A89EF2} = {3BDCC5BF-BC55-4D91-BB4E-FB1047EE1D06}
		{F109D514-EA3E-420A-8654-E086DBBA5006} = {448C7D82-8C4B-4B9F-95AD-E4F244A89EF2}
		{1A7734A0-2654-49D0-960F-4EA3F5541024} = {448C7D82-8C4B-4B9F-95AD-E4F244A89EF2}
		{FBF1BDBD-6E32-4CF1-9B29-D64F17C004AA} = {448C7D82-8C4B-4B9F-95AD-E4F244A89EF2}
		{B5E39352-B6EB-4C8C-9F5F-8AFEB7474CF8} = {448C7D82-8C4B-4B9F-95AD-E4F244A89EF2}
		{20ACCC92-8B6D-4BD5-B210-66396C453BFC} = {9FF31042-A147-4CDF-9387-56B19112ED07}
		{3C5ED0F0-8FB1-439F-BBAD-3A1C95F57F32} = {20ACCC92-8B6D-4BD5-B210-66396C453BFC}
		{4607BFD3-8881-4B3D-BD23-BED57FF28F3A} = {088B7043-1A3C-4F60-BF5A-2D747E63C65E}
		{D7E9BDF3-93C1-4CB5-B640-5277BF84ACB1} = {4607BFD3-8881-4B3D-BD23-BED57FF28F3A}
		{2ACB0368-4C4F-4D07-91B4-2275159CC759} = {D7E9BDF3-93C1-4CB5-B640-5277BF84ACB1}
		{0D0955D5-2FCC-4B54-9CFF-08A5E95E26AB} = {4607BFD3-8881-4B3D-BD23-BED57FF28F3A}
		{D263CE6F-DC00-4EF3-98B9-D145A43A3190} = {0D0955D5-2FCC-4B54-9CFF-08A5E95E26AB}
		{D7A76225-BEF9-40CB-9D00-516CF29E6047} = {4607BFD3-8881-4B3D-BD23-BED57FF28F3A}
		{55D508DE-A5F2-48DC-9546-4D5A2792ED8E} = {D7A76225-BEF9-40CB-9D00-516CF29E6047}
		{C2B574EC-E3FF-4C74-B102-7B503FF072FD} = {3BDCC5BF-BC55-4D91-BB4E-FB1047EE1D06}
		{E92B5A4C-591C-4445-8258-0EDFCCD18EC1} = {C2B574EC-E3FF-4C74-B102-7B503FF072FD}
		{B8FA29E3-A33B-46B3-BB83-935E7F91B4E7} = {019CC3FF-F341-4084-9A3D-27233FE7031A}
	EndGlobalSection
EndGlobal
